// !$*UTF8*$!
{
	archiveVersion = 1;
	classes = {
	};
	objectVersion = 50;
	objects = {

/* Begin PBXBuildFile section */
		D0CC3E2E234773BB00D9DDEC /* AppDelegate.swift in Sources */ = {isa = PBXBuildFile; fileRef = D0CC3E2D234773BB00D9DDEC /* AppDelegate.swift */; };
		D0CC3E30234773BB00D9DDEC /* ViewController.swift in Sources */ = {isa = PBXBuildFile; fileRef = D0CC3E2F234773BB00D9DDEC /* ViewController.swift */; };
		D0CC3E33234773BB00D9DDEC /* Main.storyboard in Resources */ = {isa = PBXBuildFile; fileRef = D0CC3E31234773BB00D9DDEC /* Main.storyboard */; };
		D0CC3E35234773BC00D9DDEC /* Assets.xcassets in Resources */ = {isa = PBXBuildFile; fileRef = D0CC3E34234773BC00D9DDEC /* Assets.xcassets */; };
		D0CC3E38234773BD00D9DDEC /* LaunchScreen.storyboard in Resources */ = {isa = PBXBuildFile; fileRef = D0CC3E36234773BD00D9DDEC /* LaunchScreen.storyboard */; };
		D0CC3E4023477A0B00D9DDEC /* pulsing.swift in Sources */ = {isa = PBXBuildFile; fileRef = D0CC3E3F23477A0B00D9DDEC /* pulsing.swift */; };
/* End PBXBuildFile section */

/* Begin PBXFileReference section */
		D0CC3E2A234773BB00D9DDEC /* Shaking.app */ = {isa = PBXFileReference; explicitFileType = wrapper.application; includeInIndex = 0; path = Shaking.app; sourceTree = BUILT_PRODUCTS_DIR; };
		D0CC3E2D234773BB00D9DDEC /* AppDelegate.swift */ = {isa = PBXFileReference; lastKnownFileType = sourcecode.swift; path = AppDelegate.swift; sourceTree = "<group>"; };
		D0CC3E2F234773BB00D9DDEC /* ViewController.swift */ = {isa = PBXFileReference; lastKnownFileType = sourcecode.swift; path = ViewController.swift; sourceTree = "<group>"; };
		D0CC3E32234773BB00D9DDEC /* Base */ = {isa = PBXFileReference; lastKnownFileType = file.storyboard; name = Base; path = Base.lproj/Main.storyboard; sourceTree = "<group>"; };
		D0CC3E34234773BC00D9DDEC /* Assets.xcassets */ = {isa = PBXFileReference; lastKnownFileType = folder.assetcatalog; path = Assets.xcassets; sourceTree = "<group>"; };
		D0CC3E37234773BD00D9DDEC /* Base */ = {isa = PBXFileReference; lastKnownFileType = file.storyboard; name = Base; path = Base.lproj/LaunchScreen.storyboard; sourceTree = "<group>"; };
		D0CC3E39234773BD00D9DDEC /* Info.plist */ = {isa = PBXFileReference; lastKnownFileType = text.plist.xml; path = Info.plist; sourceTree = "<group>"; };
		D0CC3E3F23477A0B00D9DDEC /* pulsing.swift */ = {isa = PBXFileReference; lastKnownFileType = sourcecode.swift; path = pulsing.swift; sourceTree = "<group>"; };
/* End PBXFileReference section */

/* Begin PBXFrameworksBuildPhase section */
		D0CC3E27234773BB00D9DDEC /* Frameworks */ = {
			isa = PBXFrameworksBuildPhase;
			buildActionMask = 2147483647;
			files = (
			);
			runOnlyForDeploymentPostprocessing = 0;
		};
/* End PBXFrameworksBuildPhase section */

/* Begin PBXGroup section */
		D0CC3E21234773BB00D9DDEC = {
			isa = PBXGroup;
			children = (
				D0CC3E2C234773BB00D9DDEC /* Shaking */,
				D0CC3E2B234773BB00D9DDEC /* Products */,
			);
			sourceTree = "<group>";
		};
		D0CC3E2B234773BB00D9DDEC /* Products */ = {
			isa = PBXGroup;
			children = (
				D0CC3E2A234773BB00D9DDEC /* Shaking.app */,
			);
			name = Products;
			sourceTree = "<group>";
		};
		D0CC3E2C234773BB00D9DDEC /* Shaking */ = {
			isa = PBXGroup;
			children = (
				D0CC3E2D234773BB00D9DDEC /* AppDelegate.swift */,
				D0CC3E2F234773BB00D9DDEC /* ViewController.swift */,
				D0CC3E31234773BB00D9DDEC /* Main.storyboard */,
				D0CC3E34234773BC00D9DDEC /* Assets.xcassets */,
				D0CC3E36234773BD00D9DDEC /* LaunchScreen.storyboard */,
				D0CC3E39234773BD00D9DDEC /* Info.plist */,
				D0CC3E3F23477A0B00D9DDEC /* pulsing.swift */,
			);
			path = Shaking;
			sourceTree = "<group>";
		};
/* End PBXGroup section */

/* Begin PBXNativeTarget section */
		D0CC3E29234773BB00D9DDEC /* Shaking */ = {
			isa = PBXNativeTarget;
			buildConfigurationList = D0CC3E3C234773BD00D9DDEC /* Build configuration list for PBXNativeTarget "Shaking" */;
			buildPhases = (
				D0CC3E26234773BB00D9DDEC /* Sources */,
				D0CC3E27234773BB00D9DDEC /* Frameworks */,
				D0CC3E28234773BB00D9DDEC /* Resources */,
			);
			buildRules = (
			);
			dependencies = (
			);
			name = Shaking;
			productName = Shaking;
			productReference = D0CC3E2A234773BB00D9DDEC /* Shaking.app */;
			productType = "com.apple.product-type.application";
		};
/* End PBXNativeTarget section */

/* Begin PBXProject section */
		D0CC3E22234773BB00D9DDEC /* Project object */ = {
			isa = PBXProject;
			attributes = {
				LastSwiftUpdateCheck = 1030;
				LastUpgradeCheck = 1030;
				ORGANIZATIONNAME = DSMacbook;
				TargetAttributes = {
					D0CC3E29234773BB00D9DDEC = {
						CreatedOnToolsVersion = 10.3;
					};
				};
			};
			buildConfigurationList = D0CC3E25234773BB00D9DDEC /* Build configuration list for PBXProject "Shaking" */;
			compatibilityVersion = "Xcode 9.3";
			developmentRegion = en;
			hasScannedForEncodings = 0;
			knownRegions = (
				en,
				Base,
			);
			mainGroup = D0CC3E21234773BB00D9DDEC;
			productRefGroup = D0CC3E2B234773BB00D9DDEC /* Products */;
			projectDirPath = "";
			projectRoot = "";
			targets = (
				D0CC3E29234773BB00D9DDEC /* Shaking */,
			);
		};
/* End PBXProject section */

/* Begin PBXResourcesBuildPhase section */
		D0CC3E28234773BB00D9DDEC /* Resources */ = {
			isa = PBXResourcesBuildPhase;
			buildActionMask = 2147483647;
			files = (
				D0CC3E38234773BD00D9DDEC /* LaunchScreen.storyboard in Resources */,
				D0CC3E35234773BC00D9DDEC /* Assets.xcassets in Resources */,
				D0CC3E33234773BB00D9DDEC /* Main.storyboard in Resources */,
			);
			runOnlyForDeploymentPostprocessing = 0;
		};
/* End PBXResourcesBuildPhase section */

/* Begin PBXSourcesBuildPhase section */
		D0CC3E26234773BB00D9DDEC /* Sources */ = {
			isa = PBXSourcesBuildPhase;
			buildActionMask = 2147483647;
			files = (
				D0CC3E4023477A0B00D9DDEC /* pulsing.swift in Sources */,
				D0CC3E30234773BB00D9DDEC /* ViewController.swift in Sources */,
				D0CC3E2E234773BB00D9DDEC /* AppDelegate.swift in Sources */,
			);
			runOnlyForDeploymentPostprocessing = 0;
		};
/* End PBXSourcesBuildPhase section */

/* Begin PBXVariantGroup section */
		D0CC3E31234773BB00D9DDEC /* Main.storyboard */ = {
			isa = PBXVariantGroup;
			children = (
				D0CC3E32234773BB00D9DDEC /* Base */,
			);
			name = Main.storyboard;
			sourceTree = "<group>";
		};
		D0CC3E36234773BD00D9DDEC /* LaunchScreen.storyboard */ = {
			isa = PBXVariantGroup;
			children = (
				D0CC3E37234773BD00D9DDEC /* Base */,
			);
			name = LaunchScreen.storyboard;
			sourceTree = "<group>";
		};
/* End PBXVariantGroup section */

/* Begin XCBuildConfiguration section */
		D0CC3E3A234773BD00D9DDEC /* Debug */ = {
			isa = XCBuildConfiguration;
			buildSettings = {
				ALWAYS_SEARCH_USER_PATHS = NO;
				CLANG_ANALYZER_NONNULL = YES;
				CLANG_ANALYZER_NUMBER_OBJECT_CONVERSION = YES_AGGRESSIVE;
				CLANG_CXX_LANGUAGE_STANDARD = "gnu++14";
				CLANG_CXX_LIBRARY = "libc++";
				CLANG_ENABLE_MODULES = YES;
				CLANG_ENABLE_OBJC_ARC = YES;
				CLANG_ENABLE_OBJC_WEAK = YES;
				CLANG_WARN_BLOCK_CAPTURE_AUTORELEASING = YES;
				CLANG_WARN_BOOL_CONVERSION = YES;
				CLANG_WARN_COMMA = YES;
				CLANG_WARN_CONSTANT_CONVERSION = YES;
				CLANG_WARN_DEPRECATED_OBJC_IMPLEMENTATIONS = YES;
				CLANG_WARN_DIRECT_OBJC_ISA_USAGE = YES_ERROR;
				CLANG_WARN_DOCUMENTATION_COMMENTS = YES;
				CLANG_WARN_EMPTY_BODY = YES;
				CLANG_WARN_ENUM_CONVERSION = YES;
				CLANG_WARN_INFINITE_RECURSION = YES;
				CLANG_WARN_INT_CONVERSION = YES;
				CLANG_WARN_NON_LITERAL_NULL_CONVERSION = YES;
				CLANG_WARN_OBJC_IMPLICIT_RETAIN_SELF = YES;
				CLANG_WARN_OBJC_LITERAL_CONVERSION = YES;
				CLANG_WARN_OBJC_ROOT_CLASS = YES_ERROR;
				CLANG_WARN_RANGE_LOOP_ANALYSIS = YES;
				CLANG_WARN_STRICT_PROTOTYPES = YES;
				CLANG_WARN_SUSPICIOUS_MOVE = YES;
				CLANG_WARN_UNGUARDED_AVAILABILITY = YES_AGGRESSIVE;
				CLANG_WARN_UNREACHABLE_CODE = YES;
				CLANG_WARN__DUPLICATE_METHOD_MATCH = YES;
				CODE_SIGN_IDENTITY = "iPhone Developer";
				COPY_PHASE_STRIP = NO;
				DEBUG_INFORMATION_FORMAT = dwarf;
				ENABLE_STRICT_OBJC_MSGSEND = YES;
				ENABLE_TESTABILITY = YES;
				GCC_C_LANGUAGE_STANDARD = gnu11;
				GCC_DYNAMIC_NO_PIC = NO;
				GCC_NO_COMMON_BLOCKS = YES;
				GCC_OPTIMIZATION_LEVEL = 0;
				GCC_PREPROCESSOR_DEFINITIONS = (
					"DEBUG=1",
					"$(inherited)",
				);
				GCC_WARN_64_TO_32_BIT_CONVERSION = YES;
				GCC_WARN_ABOUT_RETURN_TYPE = YES_ERROR;
				GCC_WARN_UNDECLARED_SELECTOR = YES;
				GCC_WARN_UNINITIALIZED_AUTOS = YES_AGGRESSIVE;
				GCC_WARN_UNUSED_FUNCTION = YES;
				GCC_WARN_UNUSED_VARIABLE = YES;
				IPHONEOS_DEPLOYMENT_TARGET = 12.4;
				MTL_ENABLE_DEBUG_INFO = INCLUDE_SOURCE;
				MTL_FAST_MATH = YES;
				ONLY_ACTIVE_ARCH = YES;
				SDKROOT = iphoneos;
				SWIFT_ACTIVE_COMPILATION_CONDITIONS = DEBUG;
				SWIFT_OPTIMIZATION_LEVEL = "-Onone";
			};
			name = Debug;
		};
		D0CC3E3B234773BD00D9DDEC /* Release */ = {
			isa = XCBuildConfiguration;
			buildSettings = {
				ALWAYS_SEARCH_USER_PATHS = NO;
				CLANG_ANALYZER_NONNULL = YES;
				CLANG_ANALYZER_NUMBER_OBJECT_CONVERSION = YES_AGGRESSIVE;
				CLANG_CXX_LANGUAGE_STANDARD = "gnu++14";
				CLANG_CXX_LIBRARY = "libc++";
				CLANG_ENABLE_MODULES = YES;
				CLANG_ENABLE_OBJC_ARC = YES;
				CLANG_ENABLE_OBJC_WEAK = YES;
				CLANG_WARN_BLOCK_CAPTURE_AUTORELEASING = YES;
				CLANG_WARN_BOOL_CONVERSION = YES;
				CLANG_WARN_COMMA = YES;
				CLANG_WARN_CONSTANT_CONVERSION = YES;
				CLANG_WARN_DEPRECATED_OBJC_IMPLEMENTATIONS = YES;
				CLANG_WARN_DIRECT_OBJC_ISA_USAGE = YES_ERROR;
				CLANG_WARN_DOCUMENTATION_COMMENTS = YES;
				CLANG_WARN_EMPTY_BODY = YES;
				CLANG_WARN_ENUM_CONVERSION = YES;
				CLANG_WARN_INFINITE_RECURSION = YES;
				CLANG_WARN_INT_CONVERSION = YES;
				CLANG_WARN_NON_LITERAL_NULL_CONVERSION = YES;
				CLANG_WARN_OBJC_IMPLICIT_RETAIN_SELF = YES;
				CLANG_WARN_OBJC_LITERAL_CONVERSION = YES;
				CLANG_WARN_OBJC_ROOT_CLASS = YES_ERROR;
				CLANG_WARN_RANGE_LOOP_ANALYSIS = YES;
				CLANG_WARN_STRICT_PROTOTYPES = YES;
				CLANG_WARN_SUSPICIOUS_MOVE = YES;
				CLANG_WARN_UNGUARDED_AVAILABILITY = YES_AGGRESSIVE;
				CLANG_WARN_UNREACHABLE_CODE = YES;
				CLANG_WARN__DUPLICATE_METHOD_MATCH = YES;
				CODE_SIGN_IDENTITY = "iPhone Developer";
				COPY_PHASE_STRIP = NO;
				DEBUG_INFORMATION_FORMAT = "dwarf-with-dsym";
				ENABLE_NS_ASSERTIONS = NO;
				ENABLE_STRICT_OBJC_MSGSEND = YES;
				GCC_C_LANGUAGE_STANDARD = gnu11;
				GCC_NO_COMMON_BLOCKS = YES;
				GCC_WARN_64_TO_32_BIT_CONVERSION = YES;
				GCC_WARN_ABOUT_RETURN_TYPE = YES_ERROR;
				GCC_WARN_UNDECLARED_SELECTOR = YES;
				GCC_WARN_UNINITIALIZED_AUTOS = YES_AGGRESSIVE;
				GCC_WARN_UNUSED_FUNCTION = YES;
				GCC_WARN_UNUSED_VARIABLE = YES;
				IPHONEOS_DEPLOYMENT_TARGET = 12.4;
				MTL_ENABLE_DEBUG_INFO = NO;
				MTL_FAST_MATH = YES;
				SDKROOT = iphoneos;
				SWIFT_COMPILATION_MODE = wholemodule;
				SWIFT_OPTIMIZATION_LEVEL = "-O";
				VALIDATE_PRODUCT = YES;
			};
			name = Release;
		};
		D0CC3E3D234773BD00D9DDEC /* Debug */ = {
			isa = XCBuildConfiguration;
			buildSettings = {
				ASSETCATALOG_COMPILER_APPICON_NAME = AppIcon;
				CODE_SIGN_STYLE = Automatic;
				INFOPLIST_FILE = Shaking/Info.plist;
				LD_RUNPATH_SEARCH_PATHS = (
					"$(inherited)",
					"@executable_path/Frameworks",
				);
				PRODUCT_BUNDLE_IDENTIFIER = Lippo.Shaking;
				PRODUCT_NAME = "$(TARGET_NAME)";
				SWIFT_VERSION = 5.0;
				TARGETED_DEVICE_FAMILY = "1,2";
			};
			name = Debug;
		};
		D0CC3E3E234773BD00D9DDEC /* Release */ = {
			isa = XCBuildConfiguration;
			buildSettings = {
				ASSETCATALOG_COMPILER_APPICON_NAME = AppIcon;
				CODE_SIGN_STYLE = Automatic;
				INFOPLIST_FILE = Shaking/Info.plist;
				LD_RUNPATH_SEARCH_PATHS = (
					"$(inherited)",
					"@executable_path/Frameworks",
				);
				PRODUCT_BUNDLE_IDENTIFIER = Lippo.Shaking;
				PRODUCT_NAME = "$(TARGET_NAME)";
				SWIFT_VERSION = 5.0;
				TARGETED_DEVICE_FAMILY = "1,2";
			};
			name = Release;
		};
/* End XCBuildConfiguration section */

/* Begin XCConfigurationList section */
		D0CC3E25234773BB00D9DDEC /* Build configuration list for PBXProject "Shaking" */ = {
			isa = XCConfigurationList;
			buildConfigurations = (
				D0CC3E3A234773BD00D9DDEC /* Debug */,
				D0CC3E3B234773BD00D9DDEC /* Release */,
			);
			defaultConfigurationIsVisible = 0;
			defaultConfigurationName = Release;
		};
		D0CC3E3C234773BD00D9DDEC /* Build configuration list for PBXNativeTarget "Shaking" */ = {
			isa = XCConfigurationList;
			buildConfigurations = (
				D0CC3E3D234773BD00D9DDEC /* Debug */,
				D0CC3E3E234773BD00D9DDEC /* Release */,
			);
			defaultConfigurationIsVisible = 0;
			defaultConfigurationName = Release;
		};
/* End XCConfigurationList section */
	};
	rootObject = D0CC3E22234773BB00D9DDEC /* Project object */;
}
